# This file is generated by running "yarn install" inside your project.
# Manual changes might be lost - proceed with caution!

__metadata:
  version: 8
  cacheKey: 10c0

"@esbuild/aix-ppc64@npm:0.25.12":
  version: 0.25.12
  resolution: "@esbuild/aix-ppc64@npm:0.25.12"
  conditions: os=aix & cpu=ppc64
  languageName: node
  linkType: hard

"@esbuild/android-arm64@npm:0.25.12":
  version: 0.25.12
  resolution: "@esbuild/android-arm64@npm:0.25.12"
  conditions: os=android & cpu=arm64
  languageName: node
  linkType: hard

"@esbuild/android-arm@npm:0.25.12":
  version: 0.25.12
  resolution: "@esbuild/android-arm@npm:0.25.12"
  conditions: os=android & cpu=arm
  languageName: node
  linkType: hard

"@esbuild/android-x64@npm:0.25.12":
  version: 0.25.12
  resolution: "@esbuild/android-x64@npm:0.25.12"
  conditions: os=android & cpu=x64
  languageName: node
  linkType: hard

"@esbuild/darwin-arm64@npm:0.25.12":
  version: 0.25.12
  resolution: "@esbuild/darwin-arm64@npm:0.25.12"
  conditions: os=darwin & cpu=arm64
  languageName: node
  linkType: hard

"@esbuild/darwin-x64@npm:0.25.12":
  version: 0.25.12
  resolution: "@esbuild/darwin-x64@npm:0.25.12"
  conditions: os=darwin & cpu=x64
  languageName: node
  linkType: hard

"@esbuild/freebsd-arm64@npm:0.25.12":
  version: 0.25.12
  resolution: "@esbuild/freebsd-arm64@npm:0.25.12"
  conditions: os=freebsd & cpu=arm64
  languageName: node
  linkType: hard

"@esbuild/freebsd-x64@npm:0.25.12":
  version: 0.25.12
  resolution: "@esbuild/freebsd-x64@npm:0.25.12"
  conditions: os=freebsd & cpu=x64
  languageName: node
  linkType: hard

"@esbuild/linux-arm64@npm:0.25.12":
  version: 0.25.12
  resolution: "@esbuild/linux-arm64@npm:0.25.12"
  conditions: os=linux & cpu=arm64
  languageName: node
  linkType: hard

"@esbuild/linux-arm@npm:0.25.12":
  version: 0.25.12
  resolution: "@esbuild/linux-arm@npm:0.25.12"
  conditions: os=linux & cpu=arm
  languageName: node
  linkType: hard

"@esbuild/linux-ia32@npm:0.25.12":
  version: 0.25.12
  resolution: "@esbuild/linux-ia32@npm:0.25.12"
  conditions: os=linux & cpu=ia32
  languageName: node
  linkType: hard

"@esbuild/linux-loong64@npm:0.25.12":
  version: 0.25.12
  resolution: "@esbuild/linux-loong64@npm:0.25.12"
  conditions: os=linux & cpu=loong64
  languageName: node
  linkType: hard

"@esbuild/linux-mips64el@npm:0.25.12":
  version: 0.25.12
  resolution: "@esbuild/linux-mips64el@npm:0.25.12"
  conditions: os=linux & cpu=mips64el
  languageName: node
  linkType: hard

"@esbuild/linux-ppc64@npm:0.25.12":
  version: 0.25.12
  resolution: "@esbuild/linux-ppc64@npm:0.25.12"
  conditions: os=linux & cpu=ppc64
  languageName: node
  linkType: hard

"@esbuild/linux-riscv64@npm:0.25.12":
  version: 0.25.12
  resolution: "@esbuild/linux-riscv64@npm:0.25.12"
  conditions: os=linux & cpu=riscv64
  languageName: node
  linkType: hard

"@esbuild/linux-s390x@npm:0.25.12":
  version: 0.25.12
  resolution: "@esbuild/linux-s390x@npm:0.25.12"
  conditions: os=linux & cpu=s390x
  languageName: node
  linkType: hard

"@esbuild/linux-x64@npm:0.25.12":
  version: 0.25.12
  resolution: "@esbuild/linux-x64@npm:0.25.12"
  conditions: os=linux & cpu=x64
  languageName: node
  linkType: hard

"@esbuild/netbsd-arm64@npm:0.25.12":
  version: 0.25.12
  resolution: "@esbuild/netbsd-arm64@npm:0.25.12"
  conditions: os=netbsd & cpu=arm64
  languageName: node
  linkType: hard

"@esbuild/netbsd-x64@npm:0.25.12":
  version: 0.25.12
  resolution: "@esbuild/netbsd-x64@npm:0.25.12"
  conditions: os=netbsd & cpu=x64
  languageName: node
  linkType: hard

"@esbuild/openbsd-arm64@npm:0.25.12":
  version: 0.25.12
  resolution: "@esbuild/openbsd-arm64@npm:0.25.12"
  conditions: os=openbsd & cpu=arm64
  languageName: node
  linkType: hard

"@esbuild/openbsd-x64@npm:0.25.12":
  version: 0.25.12
  resolution: "@esbuild/openbsd-x64@npm:0.25.12"
  conditions: os=openbsd & cpu=x64
  languageName: node
  linkType: hard

"@esbuild/openharmony-arm64@npm:0.25.12":
  version: 0.25.12
  resolution: "@esbuild/openharmony-arm64@npm:0.25.12"
  conditions: os=openharmony & cpu=arm64
  languageName: node
  linkType: hard

"@esbuild/sunos-x64@npm:0.25.12":
  version: 0.25.12
  resolution: "@esbuild/sunos-x64@npm:0.25.12"
  conditions: os=sunos & cpu=x64
  languageName: node
  linkType: hard

"@esbuild/win32-arm64@npm:0.25.12":
  version: 0.25.12
  resolution: "@esbuild/win32-arm64@npm:0.25.12"
  conditions: os=win32 & cpu=arm64
  languageName: node
  linkType: hard

"@esbuild/win32-ia32@npm:0.25.12":
  version: 0.25.12
  resolution: "@esbuild/win32-ia32@npm:0.25.12"
  conditions: os=win32 & cpu=ia32
  languageName: node
  linkType: hard

"@esbuild/win32-x64@npm:0.25.12":
  version: 0.25.12
  resolution: "@esbuild/win32-x64@npm:0.25.12"
  conditions: os=win32 & cpu=x64
  languageName: node
  linkType: hard

"@tauri-apps/cli-darwin-arm64@npm:2.12.1":
  version: 2.12.1
  resolution: "@tauri-apps/cli-darwin-arm64@npm:2.12.1"
  conditions: os=darwin & cpu=arm64
  languageName: node
  linkType: hard

"@tauri-apps/cli-darwin-x64@npm:2.12.1":
  version: 2.12.1
  resolution: "@tauri-apps/cli-darwin-x64@npm:2.12.1"
  conditions: os=darwin & cpu=x64
  languageName: node
  linkType: hard

"@tauri-apps/cli-linux-arm-gnueabihf@npm:2.12.1":
  version: 2.12.1
  resolution: "@tauri-apps/cli-linux-arm-gnueabihf@npm:2.12.1"
  conditions: os=linux & cpu=arm
  languageName: node
  linkType: hard

"@tauri-apps/cli-linux-arm64-gnu@npm:2.12.1":
  version: 2.12.1
  resolution: "@tauri-apps/cli-linux-arm64-gnu@npm:2.12.1"
  conditions: os=linux & cpu=arm64 & libc=glibc
  languageName: node
  linkType: hard

"@tauri-apps/cli-linux-arm64-musl@npm:2.12.1":
  version: 2.12.1
  resolution: "@tauri-apps/cli-linux-arm64-musl@npm:2.12.1"
  conditions: os=linux & cpu=arm64 & libc=musl
  languageName: node
  linkType: hard

"@tauri-apps/cli-linux-riscv64-gnu@npm:2.12.1":
  version: 2.12.1
  resolution: "@tauri-apps/cli-linux-riscv64-gnu@npm:2.12.1"
  conditions: os=linux & cpu=riscv64 & libc=glibc
  languageName: node
  linkType: hard

"@tauri-apps/cli-linux-x64-gnu@npm:2.12.1":
  version: 2.12.1
  resolution: "@tauri-apps/cli-linux-x64-gnu@npm:2.12.1"
  conditions: os=linux & cpu=x64 & libc=glibc
  languageName: node
  linkType: hard

"@tauri-apps/cli-linux-x64-musl@npm:2.12.1":
  version: 2.12.1
  resolution: "@tauri-apps/cli-linux-x64-musl@npm:2.12.1"
  conditions: os=linux & cpu=x64 & libc=musl
  languageName: node
  linkType: hard

"@tauri-apps/cli-win32-arm64-msvc@npm:2.12.1":
  version: 2.12.1
  resolution: "@tauri-apps/cli-win32-arm64-msvc@npm:2.12.1"
  conditions: os=win32 & cpu=arm64
  languageName: node
  linkType: hard

"@tauri-apps/cli-win32-ia32-msvc@npm:2.12.1":
  version: 2.12.1
  resolution: "@tauri-apps/cli-win32-ia32-msvc@npm:2.12.1"
  conditions: os=win32 & cpu=ia32
  languageName: node
  linkType: hard

"@tauri-apps/cli-win32-x64-msvc@npm:2.12.1":
  version: 2.12.1
  resolution: "@tauri-apps/cli-win32-x64-msvc@npm:2.12.1"
  conditions: os=win32 & cpu=x64
  languageName: node
  linkType: hard

"@tauri-apps/cli@npm:2.12.1":
  version: 2.12.1
  resolution: "@tauri-apps/cli@npm:2.12.1"
  dependencies:
    "@tauri-apps/cli-darwin-arm64": "npm:2.12.1"
    "@tauri-apps/cli-darwin-x64": "npm:2.12.1"
    "@tauri-apps/cli-linux-arm-gnueabihf": "npm:2.12.1"
    "@tauri-apps/cli-linux-arm64-gnu": "npm:2.12.1"
    "@tauri-apps/cli-linux-arm64-musl": "npm:2.12.1"
    "@tauri-apps/cli-linux-riscv64-gnu": "npm:2.12.1"
    "@tauri-apps/cli-linux-x64-gnu": "npm:2.12.1"
    "@tauri-apps/cli-linux-x64-musl": "npm:2.12.1"
    "@tauri-apps/cli-win32-arm64-msvc": "npm:2.12.1"
    "@tauri-apps/cli-win32-ia32-msvc": "npm:2.12.1"
    "@tauri-apps/cli-win32-x64-msvc": "npm:2.12.1"
  dependenciesMeta:
    "@tauri-apps/cli-darwin-arm64":
      optional: true
    "@tauri-apps/cli-darwin-x64":
      optional: true
    "@tauri-apps/cli-linux-arm-gnueabihf":
      optional: true
    "@tauri-apps/cli-linux-arm64-gnu":
      optional: true
    "@tauri-apps/cli-linux-arm64-musl":
      optional: true
    "@tauri-apps/cli-linux-riscv64-gnu":
      optional: true
    "@tauri-apps/cli-linux-x64-gnu":
      optional: true
    "@tauri-apps/cli-linux-x64-musl":
      optional: true
    "@tauri-apps/cli-win32-arm64-msvc":
      optional: true
    "@tauri-apps/cli-win32-ia32-msvc":
      optional: true
    "@tauri-apps/cli-win32-x64-msvc":
      optional: true
  bin:
    tauri: tauri.js
  checksum: 10c0/4c654c9e062927df74ec1495c41f3ba2e6bc76f748014247dbcb3fe70b0463a92c148e1fb23927cbfb11f99c98fb84f1e92848976868dde35bda70e8d7dd701d
  languageName: node
  linkType: hard

"esbuild@npm:0.25.12":
  version: 0.25.12
  resolution: "esbuild@npm:0.25.12"
  dependencies:
    "@esbuild/aix-ppc64": "npm:0.25.12"
    "@esbuild/android-arm": "npm:0.25.12"
    "@esbuild/android-arm64": "npm:0.25.12"
    "@esbuild/android-x64": "npm:0.25.12"
    "@esbuild/darwin-arm64": "npm:0.25.12"
    "@esbuild/darwin-x64": "npm:0.25.12"
    "@esbuild/freebsd-arm64": "npm:0.25.12"
    "@esbuild/freebsd-x64": "npm:0.25.12"
    "@esbuild/linux-arm": "npm:0.25.12"
    "@esbuild/linux-arm64": "npm:0.25.12"
    "@esbuild/linux-ia32": "npm:0.25.12"
    "@esbuild/linux-loong64": "npm:0.25.12"
    "@esbuild/linux-mips64el": "npm:0.25.12"
    "@esbuild/linux-ppc64": "npm:0.25.12"
    "@esbuild/linux-riscv64": "npm:0.25.12"
    "@esbuild/linux-s390x": "npm:0.25.12"
    "@esbuild/linux-x64": "npm:0.25.12"
    "@esbuild/netbsd-arm64": "npm:0.25.12"
    "@esbuild/netbsd-x64": "npm:0.25.12"
    "@esbuild/openbsd-arm64": "npm:0.25.12"
    "@esbuild/openbsd-x64": "npm:0.25.12"
    "@esbuild/openharmony-arm64": "npm:0.25.12"
    "@esbuild/sunos-x64": "npm:0.25.12"
    "@esbuild/win32-arm64": "npm:0.25.12"
    "@esbuild/win32-ia32": "npm:0.25.12"
    "@esbuild/win32-x64": "npm:0.25.12"
  dependenciesMeta:
    "@esbuild/aix-ppc64":
      optional: true
    "@esbuild/android-arm":
      optional: true
    "@esbuild/android-arm64":
      optional: true
    "@esbuild/android-x64":
      optional: true
    "@esbuild/darwin-arm64":
      optional: true
    "@esbuild/darwin-x64":
      optional: true
    "@esbuild/freebsd-arm64":
      optional: true
    "@esbuild/freebsd-x64":
      optional: true
    "@esbuild/linux-arm":
      optional: true
    "@esbuild/linux-arm64":
      optional: true
    "@esbuild/linux-ia32":
      optional: true
    "@esbuild/linux-loong64":
      optional: true
    "@esbuild/linux-mips64el":
      optional: true
    "@esbuild/linux-ppc64":
      optional: true
    "@esbuild/linux-riscv64":
      optional: true
    "@esbuild/linux-s390x":
      optional: true
    "@esbuild/linux-x64":
      optional: true
    "@esbuild/netbsd-arm64":
      optional: true
    "@esbuild/netbsd-x64":
      optional: true
    "@esbuild/openbsd-arm64":
      optional: true
    "@esbuild/openbsd-x64":
      optional: true
    "@esbuild/openharmony-arm64":
      optional: true
    "@esbuild/sunos-x64":
      optional: true
    "@esbuild/win32-arm64":
      optional: true
    "@esbuild/win32-ia32":
      optional: true
    "@esbuild/win32-x64":
      optional: true
  bin:
    esbuild: bin/esbuild
  checksum: 10c0/c205357531423220a9de8e1e6c6514242bc9b1666e762cd67ccdf8fdfdc3f1d0bd76f8d9383958b97ad4c953efdb7b6e8c1f9ca5951cd2b7c5235e8755b34a6b
  languageName: node
  linkType: hard

"fraction.js@npm:5.3.4":
  version: 5.3.4
  resolution: "fraction.js@npm:5.3.4"
  checksum: 10c0/f90079fe9bfc665e0a07079938e8ff71115bce9462f17b32fc283f163b0540ec34dc33df8ed41bb56f028316b04361b9a9995b9ee9258617f8338e0b05c5f95a
  languageName: node
  linkType: hard

"fsevents@npm:2.3.2":
  version: 2.3.2
  resolution: "fsevents@npm:2.3.2"
  checksum: 10c0/be78a3efa3e181cda3cf7a4637cb527bcebb0bd0ea0440105a3bb45b86f9245b307dc10a2507e8f4498a7d4ec349d1910f4d73e4d4495b16103106e07eee735b
  conditions: os=darwin
  languageName: node
  linkType: hard

"fsevents@patch:fsevents@npm%3A2.3.2#optional!builtin<compat/fsevents>":
  version: 2.3.2
  resolution: "fsevents@patch:fsevents@npm%3A2.3.2#optional!builtin<compat/fsevents>::version=2.3.2&hash=df0bf1"
  conditions: os=darwin
  languageName: node
  linkType: hard

"openchronology@workspace:.":
  version: 0.0.0-use.local
  resolution: "openchronology@workspace:."
  dependencies:
    "@tauri-apps/cli": "npm:2.12.1"
    esbuild: "npm:0.25.12"
    pg: "npm:8.23.1"
    playwright: "npm:1.58.2"
    rational-ordered-map: "file:vendor/rational-ordered-map-0.1.0.tgz"
    typescript: "npm:5.9.3"
  languageName: unknown
  linkType: soft

"pg-cloudflare@npm:^1.4.1":
  version: 1.4.1
  resolution: "pg-cloudflare@npm:1.4.1"
  checksum: 10c0/32e62c987073472e81c0dc218f850b1212b4e2c1f35d50433d87d054fe268f549ebaf8fc6c1227ab24c12b318f3e3a2a191ffbdfb2daa30b39aa6802ab8fe2f6
  languageName: node
  linkType: hard

"pg-connection-string@npm:^2.14.1":
  version: 2.14.1
  resolution: "pg-connection-string@npm:2.14.1"
  checksum: 10c0/7321eed97579b4972a714909e7a444beb2186780fe7fd86ea719ff7c8f1fad07d7e5f85722c4992245b23683ed7d2fe2bdda8f7469fed4c016bb5c3379c575ca
  languageName: node
  linkType: hard

"pg-int8@npm:1.0.1":
  version: 1.0.1
  resolution: "pg-int8@npm:1.0.1"
  checksum: 10c0/be6a02d851fc2a4ae3e9de81710d861de3ba35ac927268973eb3cb618873a05b9424656df464dd43bd7dc3fc5295c3f5b3c8349494f87c7af50ec59ef14e0b98
  languageName: node
  linkType: hard

"pg-pool@npm:^3.14.0":
  version: 3.14.0
  resolution: "pg-pool@npm:3.14.0"
  peerDependencies:
    pg: ">=8.0"
  checksum: 10c0/3dd706e67e3b317e29409d9eb3bd44e960eabd86db2a9711a9391bbd43881f8ce7a5f7054a341509558ee05e9bf0a3cc7aef037039da0790ce1e16762ade3ba6
  languageName: node
  linkType: hard

"pg-protocol@npm:^1.16.1":
  version: 1.16.1
  resolution: "pg-protocol@npm:1.16.1"
  checksum: 10c0/84e8bf05c3548c8ffcad29247c075f8f1cf477600c92a7eb0ab27c6c4cbdbe1280433582bfba91f629b1f68bcaf4ae26436a898f430e884d7887543931e8ade6
  languageName: node
  linkType: hard

"pg-types@npm:2.2.0":
  version: 2.2.0
  resolution: "pg-types@npm:2.2.0"
  dependencies:
    pg-int8: "npm:1.0.1"
    postgres-array: "npm:~2.0.0"
    postgres-bytea: "npm:~1.0.0"
    postgres-date: "npm:~1.0.4"
    postgres-interval: "npm:^1.1.0"
  checksum: 10c0/ab3f8069a323f601cd2d2279ca8c425447dab3f9b61d933b0601d7ffc00d6200df25e26a4290b2b0783b59278198f7dd2ed03e94c4875797919605116a577c65
  languageName: node
  linkType: hard

"pg@npm:8.23.1":
  version: 8.23.1
  resolution: "pg@npm:8.23.1"
  dependencies:
    pg-cloudflare: "npm:^1.4.1"
    pg-connection-string: "npm:^2.14.1"
    pg-pool: "npm:^3.14.0"
    pg-protocol: "npm:^1.16.1"
    pg-types: "npm:2.2.0"
    pgpass: "npm:1.0.5"
  peerDependencies:
    pg-native: ">=3.0.1"
  dependenciesMeta:
    pg-cloudflare:
      optional: true
  peerDependenciesMeta:
    pg-native:
      optional: true
  checksum: 10c0/084ce2bcd025705105d4d9a4c4438b178117acbaae5c766e3d3c9fb812cc55d826a212189e19937b8e3b0a8914a3c3e4ba78ad62af73890f37406a676c1f9e0c
  languageName: node
  linkType: hard

"pgpass@npm:1.0.5":
  version: 1.0.5
  resolution: "pgpass@npm:1.0.5"
  dependencies:
    split2: "npm:^4.1.0"
  checksum: 10c0/5ea6c9b2de04c33abb08d33a2dded303c4a3c7162a9264519cbe85c0a9857d712463140ba42fad0c7cd4b21f644dd870b45bb2e02fcbe505b4de0744fd802c1d
  languageName: node
  linkType: hard

"playwright-core@npm:1.58.2":
  version: 1.58.2
  resolution: "playwright-core@npm:1.58.2"
  bin:
    playwright-core: cli.js
  checksum: 10c0/5aa15b2b764e6ffe738293a09081a6f7023847a0dbf4cd05fe10eed2e25450d321baf7482f938f2d2eb330291e197fa23e57b29a5b552b89927ceb791266225b
  languageName: node
  linkType: hard

"playwright@npm:1.58.2":
  version: 1.58.2
  resolution: "playwright@npm:1.58.2"
  dependencies:
    fsevents: "npm:2.3.2"
    playwright-core: "npm:1.58.2"
  dependenciesMeta:
    fsevents:
      optional: true
  bin:
    playwright: cli.js
  checksum: 10c0/d060d9b7cc124bd8b5dffebaab5e84f6b34654a553758fe7b19cc598dfbee93f6ecfbdc1832b40a6380ae04eade86ef3285ba03aa0b136799e83402246dc0727
  languageName: node
  linkType: hard

"postgres-array@npm:~2.0.0":
  version: 2.0.0
  resolution: "postgres-array@npm:2.0.0"
  checksum: 10c0/cbd56207e4141d7fbf08c86f2aebf21fa7064943d3f808ec85f442ff94b48d891e7a144cc02665fb2de5dbcb9b8e3183a2ac749959e794b4a4cfd379d7a21d08
  languageName: node
  linkType: hard

"postgres-bytea@npm:~1.0.0":
  version: 1.0.1
  resolution: "postgres-bytea@npm:1.0.1"
  checksum: 10c0/10b28a27c9d703d5befd97c443e62b551096d1014bc59ab574c65bf0688de7f3f068003b2aea8dcff83cf0f6f9a35f9f74457c38856cf8eb81b00cf3fb44f164
  languageName: node
  linkType: hard

"postgres-date@npm:~1.0.4":
  version: 1.0.7
  resolution: "postgres-date@npm:1.0.7"
  checksum: 10c0/0ff91fccc64003e10b767fcfeefb5eaffbc522c93aa65d5051c49b3c4ce6cb93ab091a7d22877a90ad60b8874202c6f1d0f935f38a7235ed3b258efd54b97ca9
  languageName: node
  linkType: hard

"postgres-interval@npm:^1.1.0":
  version: 1.2.0
  resolution: "postgres-interval@npm:1.2.0"
  dependencies:
    xtend: "npm:^4.0.0"
  checksum: 10c0/c1734c3cb79e7f22579af0b268a463b1fa1d084e742a02a7a290c4f041e349456f3bee3b4ee0bb3f226828597f7b76deb615c1b857db9a742c45520100456272
  languageName: node
  linkType: hard

"rational-ordered-map@file:vendor/rational-ordered-map-0.1.0.tgz::locator=openchronology%40workspace%3A.":
  version: 0.1.0
  resolution: "rational-ordered-map@file:vendor/rational-ordered-map-0.1.0.tgz#vendor/rational-ordered-map-0.1.0.tgz::hash=69cda1&locator=openchronology%40workspace%3A."
  dependencies:
    fraction.js: "npm:5.3.4"
  checksum: 10c0/308d8edcfb6fee725fe15192feb200455e1c71fb58fcf331187d28b701ddd6b29d53525880b78fbc3aad012a89b0fe4131bfe93be2a71897e55d0491339eced9
  languageName: node
  linkType: hard

"split2@npm:^4.1.0":
  version: 4.2.0
  resolution: "split2@npm:4.2.0"
  checksum: 10c0/b292beb8ce9215f8c642bb68be6249c5a4c7f332fc8ecadae7be5cbdf1ea95addc95f0459ef2e7ad9d45fd1064698a097e4eb211c83e772b49bc0ee423e91534
  languageName: node
  linkType: hard

"typescript@npm:5.9.3":
  version: 5.9.3
  resolution: "typescript@npm:5.9.3"
  bin:
    tsc: bin/tsc
    tsserver: bin/tsserver
  checksum: 10c0/6bd7552ce39f97e711db5aa048f6f9995b53f1c52f7d8667c1abdc1700c68a76a308f579cd309ce6b53646deb4e9a1be7c813a93baaf0a28ccd536a30270e1c5
  languageName: node
  linkType: hard

"typescript@patch:typescript@npm%3A5.9.3#optional!builtin<compat/typescript>":
  version: 5.9.3
  resolution: "typescript@patch:typescript@npm%3A5.9.3#optional!builtin<compat/typescript>::version=5.9.3&hash=5786d5"
  bin:
    tsc: bin/tsc
    tsserver: bin/tsserver
  checksum: 10c0/ad09fdf7a756814dce65bc60c1657b40d44451346858eea230e10f2e95a289d9183b6e32e5c11e95acc0ccc214b4f36289dcad4bf1886b0adb84d711d336a430
  languageName: node
  linkType: hard

"xtend@npm:^4.0.0":
  version: 4.0.2
  resolution: "xtend@npm:4.0.2"
  checksum: 10c0/366ae4783eec6100f8a02dff02ac907bf29f9a00b82ac0264b4d8b832ead18306797e283cf19de776538babfdcb2101375ec5646b59f08c52128ac4ab812ed0e
  languageName: node
  linkType: hard
