# This file is generated by running "yarn install" inside your project.
# Manual changes might be lost - proceed with caution!

__metadata:
  version: 8
  cacheKey: 10c0

"@emnapi/runtime@npm:^1.11.3":
  version: 1.11.3
  resolution: "@emnapi/runtime@npm:1.11.3"
  dependencies:
    tslib: "npm:^2.4.0"
  checksum: 10c0/a00f1020fefb9d4145c367f93a9fddb383a00da8ffd7871e20b19659890379b83aeecb9f84d7d0eda5456343f4a09eb05b0acb5153b0d3d889539dedb1ed87c3
  languageName: node
  linkType: hard

"@esbuild/aix-ppc64@npm:0.25.12":
  version: 0.25.12
  resolution: "@esbuild/aix-ppc64@npm:0.25.12"
  conditions: os=aix & cpu=ppc64
  languageName: node
  linkType: hard

"@esbuild/android-arm64@npm:0.25.12":
  version: 0.25.12
  resolution: "@esbuild/android-arm64@npm:0.25.12"
  conditions: os=android & cpu=arm64
  languageName: node
  linkType: hard

"@esbuild/android-arm@npm:0.25.12":
  version: 0.25.12
  resolution: "@esbuild/android-arm@npm:0.25.12"
  conditions: os=android & cpu=arm
  languageName: node
  linkType: hard

"@esbuild/android-x64@npm:0.25.12":
  version: 0.25.12
  resolution: "@esbuild/android-x64@npm:0.25.12"
  conditions: os=android & cpu=x64
  languageName: node
  linkType: hard

"@esbuild/darwin-arm64@npm:0.25.12":
  version: 0.25.12
  resolution: "@esbuild/darwin-arm64@npm:0.25.12"
  conditions: os=darwin & cpu=arm64
  languageName: node
  linkType: hard

"@esbuild/darwin-x64@npm:0.25.12":
  version: 0.25.12
  resolution: "@esbuild/darwin-x64@npm:0.25.12"
  conditions: os=darwin & cpu=x64
  languageName: node
  linkType: hard

"@esbuild/freebsd-arm64@npm:0.25.12":
  version: 0.25.12
  resolution: "@esbuild/freebsd-arm64@npm:0.25.12"
  conditions: os=freebsd & cpu=arm64
  languageName: node
  linkType: hard

"@esbuild/freebsd-x64@npm:0.25.12":
  version: 0.25.12
  resolution: "@esbuild/freebsd-x64@npm:0.25.12"
  conditions: os=freebsd & cpu=x64
  languageName: node
  linkType: hard

"@esbuild/linux-arm64@npm:0.25.12":
  version: 0.25.12
  resolution: "@esbuild/linux-arm64@npm:0.25.12"
  conditions: os=linux & cpu=arm64
  languageName: node
  linkType: hard

"@esbuild/linux-arm@npm:0.25.12":
  version: 0.25.12
  resolution: "@esbuild/linux-arm@npm:0.25.12"
  conditions: os=linux & cpu=arm
  languageName: node
  linkType: hard

"@esbuild/linux-ia32@npm:0.25.12":
  version: 0.25.12
  resolution: "@esbuild/linux-ia32@npm:0.25.12"
  conditions: os=linux & cpu=ia32
  languageName: node
  linkType: hard

"@esbuild/linux-loong64@npm:0.25.12":
  version: 0.25.12
  resolution: "@esbuild/linux-loong64@npm:0.25.12"
  conditions: os=linux & cpu=loong64
  languageName: node
  linkType: hard

"@esbuild/linux-mips64el@npm:0.25.12":
  version: 0.25.12
  resolution: "@esbuild/linux-mips64el@npm:0.25.12"
  conditions: os=linux & cpu=mips64el
  languageName: node
  linkType: hard

"@esbuild/linux-ppc64@npm:0.25.12":
  version: 0.25.12
  resolution: "@esbuild/linux-ppc64@npm:0.25.12"
  conditions: os=linux & cpu=ppc64
  languageName: node
  linkType: hard

"@esbuild/linux-riscv64@npm:0.25.12":
  version: 0.25.12
  resolution: "@esbuild/linux-riscv64@npm:0.25.12"
  conditions: os=linux & cpu=riscv64
  languageName: node
  linkType: hard

"@esbuild/linux-s390x@npm:0.25.12":
  version: 0.25.12
  resolution: "@esbuild/linux-s390x@npm:0.25.12"
  conditions: os=linux & cpu=s390x
  languageName: node
  linkType: hard

"@esbuild/linux-x64@npm:0.25.12":
  version: 0.25.12
  resolution: "@esbuild/linux-x64@npm:0.25.12"
  conditions: os=linux & cpu=x64
  languageName: node
  linkType: hard

"@esbuild/netbsd-arm64@npm:0.25.12":
  version: 0.25.12
  resolution: "@esbuild/netbsd-arm64@npm:0.25.12"
  conditions: os=netbsd & cpu=arm64
  languageName: node
  linkType: hard

"@esbuild/netbsd-x64@npm:0.25.12":
  version: 0.25.12
  resolution: "@esbuild/netbsd-x64@npm:0.25.12"
  conditions: os=netbsd & cpu=x64
  languageName: node
  linkType: hard

"@esbuild/openbsd-arm64@npm:0.25.12":
  version: 0.25.12
  resolution: "@esbuild/openbsd-arm64@npm:0.25.12"
  conditions: os=openbsd & cpu=arm64
  languageName: node
  linkType: hard

"@esbuild/openbsd-x64@npm:0.25.12":
  version: 0.25.12
  resolution: "@esbuild/openbsd-x64@npm:0.25.12"
  conditions: os=openbsd & cpu=x64
  languageName: node
  linkType: hard

"@esbuild/openharmony-arm64@npm:0.25.12":
  version: 0.25.12
  resolution: "@esbuild/openharmony-arm64@npm:0.25.12"
  conditions: os=openharmony & cpu=arm64
  languageName: node
  linkType: hard

"@esbuild/sunos-x64@npm:0.25.12":
  version: 0.25.12
  resolution: "@esbuild/sunos-x64@npm:0.25.12"
  conditions: os=sunos & cpu=x64
  languageName: node
  linkType: hard

"@esbuild/win32-arm64@npm:0.25.12":
  version: 0.25.12
  resolution: "@esbuild/win32-arm64@npm:0.25.12"
  conditions: os=win32 & cpu=arm64
  languageName: node
  linkType: hard

"@esbuild/win32-ia32@npm:0.25.12":
  version: 0.25.12
  resolution: "@esbuild/win32-ia32@npm:0.25.12"
  conditions: os=win32 & cpu=ia32
  languageName: node
  linkType: hard

"@esbuild/win32-x64@npm:0.25.12":
  version: 0.25.12
  resolution: "@esbuild/win32-x64@npm:0.25.12"
  conditions: os=win32 & cpu=x64
  languageName: node
  linkType: hard

"@img/colour@npm:^1.1.0":
  version: 1.1.0
  resolution: "@img/colour@npm:1.1.0"
  checksum: 10c0/2ebea2c0bbaee73b99badcefa04e1e71d83f36e5369337d3121dca841f4569533c4e2faddda6d62dd247f0d5cca143711f9446c59bcce81e427ba433a7a94a17
  languageName: node
  linkType: hard

"@img/sharp-darwin-arm64@npm:0.35.5":
  version: 0.35.5
  resolution: "@img/sharp-darwin-arm64@npm:0.35.5"
  dependencies:
    "@img/sharp-libvips-darwin-arm64": "npm:1.3.4"
  dependenciesMeta:
    "@img/sharp-libvips-darwin-arm64":
      optional: true
  conditions: os=darwin & cpu=arm64
  languageName: node
  linkType: hard

"@img/sharp-darwin-x64@npm:0.35.5":
  version: 0.35.5
  resolution: "@img/sharp-darwin-x64@npm:0.35.5"
  dependencies:
    "@img/sharp-libvips-darwin-x64": "npm:1.3.4"
  dependenciesMeta:
    "@img/sharp-libvips-darwin-x64":
      optional: true
  conditions: os=darwin & cpu=x64
  languageName: node
  linkType: hard

"@img/sharp-freebsd-wasm32@npm:0.35.5":
  version: 0.35.5
  resolution: "@img/sharp-freebsd-wasm32@npm:0.35.5"
  dependencies:
    "@img/sharp-wasm32": "npm:0.35.5"
  conditions: os=freebsd
  languageName: node
  linkType: hard

"@img/sharp-libvips-darwin-arm64@npm:1.3.4":
  version: 1.3.4
  resolution: "@img/sharp-libvips-darwin-arm64@npm:1.3.4"
  conditions: os=darwin & cpu=arm64
  languageName: node
  linkType: hard

"@img/sharp-libvips-darwin-x64@npm:1.3.4":
  version: 1.3.4
  resolution: "@img/sharp-libvips-darwin-x64@npm:1.3.4"
  conditions: os=darwin & cpu=x64
  languageName: node
  linkType: hard

"@img/sharp-libvips-linux-arm64@npm:1.3.4":
  version: 1.3.4
  resolution: "@img/sharp-libvips-linux-arm64@npm:1.3.4"
  conditions: os=linux & cpu=arm64 & libc=glibc
  languageName: node
  linkType: hard

"@img/sharp-libvips-linux-arm@npm:1.3.4":
  version: 1.3.4
  resolution: "@img/sharp-libvips-linux-arm@npm:1.3.4"
  conditions: os=linux & cpu=arm & libc=glibc
  languageName: node
  linkType: hard

"@img/sharp-libvips-linux-ppc64@npm:1.3.4":
  version: 1.3.4
  resolution: "@img/sharp-libvips-linux-ppc64@npm:1.3.4"
  conditions: os=linux & cpu=ppc64 & libc=glibc
  languageName: node
  linkType: hard

"@img/sharp-libvips-linux-riscv64@npm:1.3.4":
  version: 1.3.4
  resolution: "@img/sharp-libvips-linux-riscv64@npm:1.3.4"
  conditions: os=linux & cpu=riscv64 & libc=glibc
  languageName: node
  linkType: hard

"@img/sharp-libvips-linux-s390x@npm:1.3.4":
  version: 1.3.4
  resolution: "@img/sharp-libvips-linux-s390x@npm:1.3.4"
  conditions: os=linux & cpu=s390x & libc=glibc
  languageName: node
  linkType: hard

"@img/sharp-libvips-linux-x64@npm:1.3.4":
  version: 1.3.4
  resolution: "@img/sharp-libvips-linux-x64@npm:1.3.4"
  conditions: os=linux & cpu=x64 & libc=glibc
  languageName: node
  linkType: hard

"@img/sharp-libvips-linuxmusl-arm64@npm:1.3.4":
  version: 1.3.4
  resolution: "@img/sharp-libvips-linuxmusl-arm64@npm:1.3.4"
  conditions: os=linux & cpu=arm64 & libc=musl
  languageName: node
  linkType: hard

"@img/sharp-libvips-linuxmusl-x64@npm:1.3.4":
  version: 1.3.4
  resolution: "@img/sharp-libvips-linuxmusl-x64@npm:1.3.4"
  conditions: os=linux & cpu=x64 & libc=musl
  languageName: node
  linkType: hard

"@img/sharp-linux-arm64@npm:0.35.5":
  version: 0.35.5
  resolution: "@img/sharp-linux-arm64@npm:0.35.5"
  dependencies:
    "@img/sharp-libvips-linux-arm64": "npm:1.3.4"
  dependenciesMeta:
    "@img/sharp-libvips-linux-arm64":
      optional: true
  conditions: os=linux & cpu=arm64 & libc=glibc
  languageName: node
  linkType: hard

"@img/sharp-linux-arm@npm:0.35.5":
  version: 0.35.5
  resolution: "@img/sharp-linux-arm@npm:0.35.5"
  dependencies:
    "@img/sharp-libvips-linux-arm": "npm:1.3.4"
  dependenciesMeta:
    "@img/sharp-libvips-linux-arm":
      optional: true
  conditions: os=linux & cpu=arm & libc=glibc
  languageName: node
  linkType: hard

"@img/sharp-linux-ppc64@npm:0.35.5":
  version: 0.35.5
  resolution: "@img/sharp-linux-ppc64@npm:0.35.5"
  dependencies:
    "@img/sharp-libvips-linux-ppc64": "npm:1.3.4"
  dependenciesMeta:
    "@img/sharp-libvips-linux-ppc64":
      optional: true
  conditions: os=linux & cpu=ppc64 & libc=glibc
  languageName: node
  linkType: hard

"@img/sharp-linux-riscv64@npm:0.35.5":
  version: 0.35.5
  resolution: "@img/sharp-linux-riscv64@npm:0.35.5"
  dependencies:
    "@img/sharp-libvips-linux-riscv64": "npm:1.3.4"
  dependenciesMeta:
    "@img/sharp-libvips-linux-riscv64":
      optional: true
  conditions: os=linux & cpu=riscv64 & libc=glibc
  languageName: node
  linkType: hard

"@img/sharp-linux-s390x@npm:0.35.5":
  version: 0.35.5
  resolution: "@img/sharp-linux-s390x@npm:0.35.5"
  dependencies:
    "@img/sharp-libvips-linux-s390x": "npm:1.3.4"
  dependenciesMeta:
    "@img/sharp-libvips-linux-s390x":
      optional: true
  conditions: os=linux & cpu=s390x & libc=glibc
  languageName: node
  linkType: hard

"@img/sharp-linux-x64@npm:0.35.5":
  version: 0.35.5
  resolution: "@img/sharp-linux-x64@npm:0.35.5"
  dependencies:
    "@img/sharp-libvips-linux-x64": "npm:1.3.4"
  dependenciesMeta:
    "@img/sharp-libvips-linux-x64":
      optional: true
  conditions: os=linux & cpu=x64 & libc=glibc
  languageName: node
  linkType: hard

"@img/sharp-linuxmusl-arm64@npm:0.35.5":
  version: 0.35.5
  resolution: "@img/sharp-linuxmusl-arm64@npm:0.35.5"
  dependencies:
    "@img/sharp-libvips-linuxmusl-arm64": "npm:1.3.4"
  dependenciesMeta:
    "@img/sharp-libvips-linuxmusl-arm64":
      optional: true
  conditions: os=linux & cpu=arm64 & libc=musl
  languageName: node
  linkType: hard

"@img/sharp-linuxmusl-x64@npm:0.35.5":
  version: 0.35.5
  resolution: "@img/sharp-linuxmusl-x64@npm:0.35.5"
  dependencies:
    "@img/sharp-libvips-linuxmusl-x64": "npm:1.3.4"
  dependenciesMeta:
    "@img/sharp-libvips-linuxmusl-x64":
      optional: true
  conditions: os=linux & cpu=x64 & libc=musl
  languageName: node
  linkType: hard

"@img/sharp-wasm32@npm:0.35.5":
  version: 0.35.5
  resolution: "@img/sharp-wasm32@npm:0.35.5"
  dependencies:
    "@emnapi/runtime": "npm:^1.11.3"
  checksum: 10c0/da3f39d733135fde6d8b5009d282e12049f8f6df33ac3e4dc5d98868123842b5c888002ea1647e1824af9b4f9274a28826f35ebf2967b58a7416efd2aeb6299f
  languageName: node
  linkType: hard

"@img/sharp-webcontainers-wasm32@npm:0.35.5":
  version: 0.35.5
  resolution: "@img/sharp-webcontainers-wasm32@npm:0.35.5"
  dependencies:
    "@img/sharp-wasm32": "npm:0.35.5"
  conditions: cpu=wasm32
  languageName: node
  linkType: hard

"@img/sharp-win32-arm64@npm:0.35.5":
  version: 0.35.5
  resolution: "@img/sharp-win32-arm64@npm:0.35.5"
  conditions: os=win32 & cpu=arm64
  languageName: node
  linkType: hard

"@img/sharp-win32-ia32@npm:0.35.5":
  version: 0.35.5
  resolution: "@img/sharp-win32-ia32@npm:0.35.5"
  conditions: os=win32 & cpu=ia32
  languageName: node
  linkType: hard

"@img/sharp-win32-x64@npm:0.35.5":
  version: 0.35.5
  resolution: "@img/sharp-win32-x64@npm:0.35.5"
  conditions: os=win32 & cpu=x64
  languageName: node
  linkType: hard

"@isaacs/fs-minipass@npm:^4.0.0":
  version: 4.0.1
  resolution: "@isaacs/fs-minipass@npm:4.0.1"
  dependencies:
    minipass: "npm:^7.0.4"
  checksum: 10c0/c25b6dc1598790d5b55c0947a9b7d111cfa92594db5296c3b907e2f533c033666f692a3939eadac17b1c7c40d362d0b0635dc874cbfe3e70db7c2b07cc97a5d2
  languageName: node
  linkType: hard

"@next/env@npm:16.3.8":
  version: 16.3.8
  resolution: "@next/env@npm:16.3.8"
  checksum: 10c0/0955cc2f9bd8828043f38571f054cefbd1d5ba8bfc40603807f7fdf417e8da2c632df5289d34711e32a752a3ef1f7589da75f8a58d536e012c7d106367a70d7d
  languageName: node
  linkType: hard

"@next/swc-darwin-arm64@npm:16.3.8":
  version: 16.3.8
  resolution: "@next/swc-darwin-arm64@npm:16.3.8"
  conditions: os=darwin & cpu=arm64
  languageName: node
  linkType: hard

"@next/swc-darwin-x64@npm:16.3.8":
  version: 16.3.8
  resolution: "@next/swc-darwin-x64@npm:16.3.8"
  conditions: os=darwin & cpu=x64
  languageName: node
  linkType: hard

"@next/swc-linux-arm64-gnu@npm:16.3.8":
  version: 16.3.8
  resolution: "@next/swc-linux-arm64-gnu@npm:16.3.8"
  conditions: os=linux & cpu=arm64 & libc=glibc
  languageName: node
  linkType: hard

"@next/swc-linux-arm64-musl@npm:16.3.8":
  version: 16.3.8
  resolution: "@next/swc-linux-arm64-musl@npm:16.3.8"
  conditions: os=linux & cpu=arm64 & libc=musl
  languageName: node
  linkType: hard

"@next/swc-linux-x64-gnu@npm:16.3.8":
  version: 16.3.8
  resolution: "@next/swc-linux-x64-gnu@npm:16.3.8"
  conditions: os=linux & cpu=x64 & libc=glibc
  languageName: node
  linkType: hard

"@next/swc-linux-x64-musl@npm:16.3.8":
  version: 16.3.8
  resolution: "@next/swc-linux-x64-musl@npm:16.3.8"
  conditions: os=linux & cpu=x64 & libc=musl
  languageName: node
  linkType: hard

"@next/swc-win32-arm64-msvc@npm:16.3.8":
  version: 16.3.8
  resolution: "@next/swc-win32-arm64-msvc@npm:16.3.8"
  conditions: os=win32 & cpu=arm64
  languageName: node
  linkType: hard

"@next/swc-win32-x64-msvc@npm:16.3.8":
  version: 16.3.8
  resolution: "@next/swc-win32-x64-msvc@npm:16.3.8"
  conditions: os=win32 & cpu=x64
  languageName: node
  linkType: hard

"@swc/helpers@npm:0.5.23":
  version: 0.5.23
  resolution: "@swc/helpers@npm:0.5.23"
  dependencies:
    tslib: "npm:^2.8.0"
  checksum: 10c0/02da7b4df465693933ecd4851cc193ec729c309939c8a84eccae5ec0010aafc3894e713b8ef8d13a6ba401759f0e900c88e2dcfef5872c27bb91e70f73275cce
  languageName: node
  linkType: hard

"@tauri-apps/cli-darwin-arm64@npm:2.12.1":
  version: 2.12.1
  resolution: "@tauri-apps/cli-darwin-arm64@npm:2.12.1"
  conditions: os=darwin & cpu=arm64
  languageName: node
  linkType: hard

"@tauri-apps/cli-darwin-x64@npm:2.12.1":
  version: 2.12.1
  resolution: "@tauri-apps/cli-darwin-x64@npm:2.12.1"
  conditions: os=darwin & cpu=x64
  languageName: node
  linkType: hard

"@tauri-apps/cli-linux-arm-gnueabihf@npm:2.12.1":
  version: 2.12.1
  resolution: "@tauri-apps/cli-linux-arm-gnueabihf@npm:2.12.1"
  conditions: os=linux & cpu=arm
  languageName: node
  linkType: hard

"@tauri-apps/cli-linux-arm64-gnu@npm:2.12.1":
  version: 2.12.1
  resolution: "@tauri-apps/cli-linux-arm64-gnu@npm:2.12.1"
  conditions: os=linux & cpu=arm64 & libc=glibc
  languageName: node
  linkType: hard

"@tauri-apps/cli-linux-arm64-musl@npm:2.12.1":
  version: 2.12.1
  resolution: "@tauri-apps/cli-linux-arm64-musl@npm:2.12.1"
  conditions: os=linux & cpu=arm64 & libc=musl
  languageName: node
  linkType: hard

"@tauri-apps/cli-linux-riscv64-gnu@npm:2.12.1":
  version: 2.12.1
  resolution: "@tauri-apps/cli-linux-riscv64-gnu@npm:2.12.1"
  conditions: os=linux & cpu=riscv64 & libc=glibc
  languageName: node
  linkType: hard

"@tauri-apps/cli-linux-x64-gnu@npm:2.12.1":
  version: 2.12.1
  resolution: "@tauri-apps/cli-linux-x64-gnu@npm:2.12.1"
  conditions: os=linux & cpu=x64 & libc=glibc
  languageName: node
  linkType: hard

"@tauri-apps/cli-linux-x64-musl@npm:2.12.1":
  version: 2.12.1
  resolution: "@tauri-apps/cli-linux-x64-musl@npm:2.12.1"
  conditions: os=linux & cpu=x64 & libc=musl
  languageName: node
  linkType: hard

"@tauri-apps/cli-win32-arm64-msvc@npm:2.12.1":
  version: 2.12.1
  resolution: "@tauri-apps/cli-win32-arm64-msvc@npm:2.12.1"
  conditions: os=win32 & cpu=arm64
  languageName: node
  linkType: hard

"@tauri-apps/cli-win32-ia32-msvc@npm:2.12.1":
  version: 2.12.1
  resolution: "@tauri-apps/cli-win32-ia32-msvc@npm:2.12.1"
  conditions: os=win32 & cpu=ia32
  languageName: node
  linkType: hard

"@tauri-apps/cli-win32-x64-msvc@npm:2.12.1":
  version: 2.12.1
  resolution: "@tauri-apps/cli-win32-x64-msvc@npm:2.12.1"
  conditions: os=win32 & cpu=x64
  languageName: node
  linkType: hard

"@tauri-apps/cli@npm:2.12.1":
  version: 2.12.1
  resolution: "@tauri-apps/cli@npm:2.12.1"
  dependencies:
    "@tauri-apps/cli-darwin-arm64": "npm:2.12.1"
    "@tauri-apps/cli-darwin-x64": "npm:2.12.1"
    "@tauri-apps/cli-linux-arm-gnueabihf": "npm:2.12.1"
    "@tauri-apps/cli-linux-arm64-gnu": "npm:2.12.1"
    "@tauri-apps/cli-linux-arm64-musl": "npm:2.12.1"
    "@tauri-apps/cli-linux-riscv64-gnu": "npm:2.12.1"
    "@tauri-apps/cli-linux-x64-gnu": "npm:2.12.1"
    "@tauri-apps/cli-linux-x64-musl": "npm:2.12.1"
    "@tauri-apps/cli-win32-arm64-msvc": "npm:2.12.1"
    "@tauri-apps/cli-win32-ia32-msvc": "npm:2.12.1"
    "@tauri-apps/cli-win32-x64-msvc": "npm:2.12.1"
  dependenciesMeta:
    "@tauri-apps/cli-darwin-arm64":
      optional: true
    "@tauri-apps/cli-darwin-x64":
      optional: true
    "@tauri-apps/cli-linux-arm-gnueabihf":
      optional: true
    "@tauri-apps/cli-linux-arm64-gnu":
      optional: true
    "@tauri-apps/cli-linux-arm64-musl":
      optional: true
    "@tauri-apps/cli-linux-riscv64-gnu":
      optional: true
    "@tauri-apps/cli-linux-x64-gnu":
      optional: true
    "@tauri-apps/cli-linux-x64-musl":
      optional: true
    "@tauri-apps/cli-win32-arm64-msvc":
      optional: true
    "@tauri-apps/cli-win32-ia32-msvc":
      optional: true
    "@tauri-apps/cli-win32-x64-msvc":
      optional: true
  bin:
    tauri: tauri.js
  checksum: 10c0/4c654c9e062927df74ec1495c41f3ba2e6bc76f748014247dbcb3fe70b0463a92c148e1fb23927cbfb11f99c98fb84f1e92848976868dde35bda70e8d7dd701d
  languageName: node
  linkType: hard

"abbrev@npm:^5.0.0":
  version: 5.0.0
  resolution: "abbrev@npm:5.0.0"
  checksum: 10c0/8e88f5c798ea4562d28c5a3e9ad69e3879890bc5d695d8f2dffb8609be4c890aacc8f80ef4553fdd2c6a62d70c2ce8bc57b38074e383beb7487bdafa9ed42ea5
  languageName: node
  linkType: hard

"baseline-browser-mapping@npm:^2.9.19":
  version: 2.11.27
  resolution: "baseline-browser-mapping@npm:2.11.27"
  bin:
    baseline-browser-mapping: dist/cli.cjs
  checksum: 10c0/4a06cfab5ad4f57633c0092340af41388f3fc71e6a91a3309942a23c60b65e9ec6f243edbd2f484d3d0ee40f5f33d974c8a85c9c207e104ea17ba429cfb4d3df
  languageName: node
  linkType: hard

"caniuse-lite@npm:^1.0.30001579":
  version: 1.0.30001806
  resolution: "caniuse-lite@npm:1.0.30001806"
  checksum: 10c0/9442c8afff0968e9b2ce0104a7340c1ce4a5c09f469ccb9eef10d25712ea0afe542486e5318c697c70dd502f988cfc04eaa1c9438c92ac3bcf4d708a2a17bee1
  languageName: node
  linkType: hard

"chownr@npm:^3.0.0":
  version: 3.0.0
  resolution: "chownr@npm:3.0.0"
  checksum: 10c0/43925b87700f7e3893296c8e9c56cc58f926411cce3a6e5898136daaf08f08b9a8eb76d37d3267e707d0dcc17aed2e2ebdf5848c0c3ce95cf910a919935c1b10
  languageName: node
  linkType: hard

"client-only@npm:0.0.1":
  version: 0.0.1
  resolution: "client-only@npm:0.0.1"
  checksum: 10c0/9d6cfd0c19e1c96a434605added99dff48482152af791ec4172fb912a71cff9027ff174efd8cdb2160cc7f377543e0537ffc462d4f279bc4701de3f2a3c4b358
  languageName: node
  linkType: hard

"detect-libc@npm:^2.1.2":
  version: 2.1.2
  resolution: "detect-libc@npm:2.1.2"
  checksum: 10c0/acc675c29a5649fa1fb6e255f993b8ee829e510b6b56b0910666949c80c364738833417d0edb5f90e4e46be17228b0f2b66a010513984e18b15deeeac49369c4
  languageName: node
  linkType: hard

"env-paths@npm:^2.2.0":
  version: 2.2.1
  resolution: "env-paths@npm:2.2.1"
  checksum: 10c0/285325677bf00e30845e330eec32894f5105529db97496ee3f598478e50f008c5352a41a30e5e72ec9de8a542b5a570b85699cd63bd2bc646dbcb9f311d83bc4
  languageName: node
  linkType: hard

"esbuild@npm:0.25.12":
  version: 0.25.12
  resolution: "esbuild@npm:0.25.12"
  dependencies:
    "@esbuild/aix-ppc64": "npm:0.25.12"
    "@esbuild/android-arm": "npm:0.25.12"
    "@esbuild/android-arm64": "npm:0.25.12"
    "@esbuild/android-x64": "npm:0.25.12"
    "@esbuild/darwin-arm64": "npm:0.25.12"
    "@esbuild/darwin-x64": "npm:0.25.12"
    "@esbuild/freebsd-arm64": "npm:0.25.12"
    "@esbuild/freebsd-x64": "npm:0.25.12"
    "@esbuild/linux-arm": "npm:0.25.12"
    "@esbuild/linux-arm64": "npm:0.25.12"
    "@esbuild/linux-ia32": "npm:0.25.12"
    "@esbuild/linux-loong64": "npm:0.25.12"
    "@esbuild/linux-mips64el": "npm:0.25.12"
    "@esbuild/linux-ppc64": "npm:0.25.12"
    "@esbuild/linux-riscv64": "npm:0.25.12"
    "@esbuild/linux-s390x": "npm:0.25.12"
    "@esbuild/linux-x64": "npm:0.25.12"
    "@esbuild/netbsd-arm64": "npm:0.25.12"
    "@esbuild/netbsd-x64": "npm:0.25.12"
    "@esbuild/openbsd-arm64": "npm:0.25.12"
    "@esbuild/openbsd-x64": "npm:0.25.12"
    "@esbuild/openharmony-arm64": "npm:0.25.12"
    "@esbuild/sunos-x64": "npm:0.25.12"
    "@esbuild/win32-arm64": "npm:0.25.12"
    "@esbuild/win32-ia32": "npm:0.25.12"
    "@esbuild/win32-x64": "npm:0.25.12"
  dependenciesMeta:
    "@esbuild/aix-ppc64":
      optional: true
    "@esbuild/android-arm":
      optional: true
    "@esbuild/android-arm64":
      optional: true
    "@esbuild/android-x64":
      optional: true
    "@esbuild/darwin-arm64":
      optional: true
    "@esbuild/darwin-x64":
      optional: true
    "@esbuild/freebsd-arm64":
      optional: true
    "@esbuild/freebsd-x64":
      optional: true
    "@esbuild/linux-arm":
      optional: true
    "@esbuild/linux-arm64":
      optional: true
    "@esbuild/linux-ia32":
      optional: true
    "@esbuild/linux-loong64":
      optional: true
    "@esbuild/linux-mips64el":
      optional: true
    "@esbuild/linux-ppc64":
      optional: true
    "@esbuild/linux-riscv64":
      optional: true
    "@esbuild/linux-s390x":
      optional: true
    "@esbuild/linux-x64":
      optional: true
    "@esbuild/netbsd-arm64":
      optional: true
    "@esbuild/netbsd-x64":
      optional: true
    "@esbuild/openbsd-arm64":
      optional: true
    "@esbuild/openbsd-x64":
      optional: true
    "@esbuild/openharmony-arm64":
      optional: true
    "@esbuild/sunos-x64":
      optional: true
    "@esbuild/win32-arm64":
      optional: true
    "@esbuild/win32-ia32":
      optional: true
    "@esbuild/win32-x64":
      optional: true
  bin:
    esbuild: bin/esbuild
  checksum: 10c0/c205357531423220a9de8e1e6c6514242bc9b1666e762cd67ccdf8fdfdc3f1d0bd76f8d9383958b97ad4c953efdb7b6e8c1f9ca5951cd2b7c5235e8755b34a6b
  languageName: node
  linkType: hard

"exponential-backoff@npm:^3.1.1":
  version: 3.1.3
  resolution: "exponential-backoff@npm:3.1.3"
  checksum: 10c0/77e3ae682b7b1f4972f563c6dbcd2b0d54ac679e62d5d32f3e5085feba20483cf28bd505543f520e287a56d4d55a28d7874299941faf637e779a1aa5994d1267
  languageName: node
  linkType: hard

"fdir@npm:^6.5.0":
  version: 6.5.0
  resolution: "fdir@npm:6.5.0"
  peerDependencies:
    picomatch: ^3 || ^4
  peerDependenciesMeta:
    picomatch:
      optional: true
  checksum: 10c0/e345083c4306b3aed6cb8ec551e26c36bab5c511e99ea4576a16750ddc8d3240e63826cc624f5ae17ad4dc82e68a253213b60d556c11bfad064b7607847ed07f
  languageName: node
  linkType: hard

"fraction.js@npm:5.3.4":
  version: 5.3.4
  resolution: "fraction.js@npm:5.3.4"
  checksum: 10c0/f90079fe9bfc665e0a07079938e8ff71115bce9462f17b32fc283f163b0540ec34dc33df8ed41bb56f028316b04361b9a9995b9ee9258617f8338e0b05c5f95a
  languageName: node
  linkType: hard

"fsevents@npm:2.3.2":
  version: 2.3.2
  resolution: "fsevents@npm:2.3.2"
  dependencies:
    node-gyp: "npm:latest"
  checksum: 10c0/be78a3efa3e181cda3cf7a4637cb527bcebb0bd0ea0440105a3bb45b86f9245b307dc10a2507e8f4498a7d4ec349d1910f4d73e4d4495b16103106e07eee735b
  conditions: os=darwin
  languageName: node
  linkType: hard

"fsevents@patch:fsevents@npm%3A2.3.2#optional!builtin<compat/fsevents>":
  version: 2.3.2
  resolution: "fsevents@patch:fsevents@npm%3A2.3.2#optional!builtin<compat/fsevents>::version=2.3.2&hash=df0bf1"
  dependencies:
    node-gyp: "npm:latest"
  conditions: os=darwin
  languageName: node
  linkType: hard

"graceful-fs@npm:^4.2.6":
  version: 4.2.11
  resolution: "graceful-fs@npm:4.2.11"
  checksum: 10c0/386d011a553e02bc594ac2ca0bd6d9e4c22d7fa8cfbfc448a6d148c59ea881b092db9dbe3547ae4b88e55f1b01f7c4a2ecc53b310c042793e63aa44cf6c257f2
  languageName: node
  linkType: hard

"isexe@npm:^4.0.0":
  version: 4.0.0
  resolution: "isexe@npm:4.0.0"
  checksum: 10c0/5884815115bceac452877659a9c7726382531592f43dc29e5d48b7c4100661aed54018cb90bd36cb2eaeba521092570769167acbb95c18d39afdccbcca06c5ce
  languageName: node
  linkType: hard

"minipass@npm:^7.0.4, minipass@npm:^7.1.2":
  version: 7.1.3
  resolution: "minipass@npm:7.1.3"
  checksum: 10c0/539da88daca16533211ea5a9ee98dc62ff5742f531f54640dd34429e621955e91cc280a91a776026264b7f9f6735947629f920944e9c1558369e8bf22eb33fbb
  languageName: node
  linkType: hard

"minizlib@npm:^3.1.0":
  version: 3.1.0
  resolution: "minizlib@npm:3.1.0"
  dependencies:
    minipass: "npm:^7.1.2"
  checksum: 10c0/5aad75ab0090b8266069c9aabe582c021ae53eb33c6c691054a13a45db3b4f91a7fb1bd79151e6b4e9e9a86727b522527c0a06ec7d45206b745d54cd3097bcec
  languageName: node
  linkType: hard

"nanoid@npm:^3.3.16":
  version: 3.3.16
  resolution: "nanoid@npm:3.3.16"
  bin:
    nanoid: bin/nanoid.cjs
  checksum: 10c0/bbf2dcffe22d2b62d16de2711752070b539c0f644c7916f823ad6521986b2078cbe524f2d6240f58c46e9141ea0c7b87a029e100c0f7f175228cacaf30e41bba
  languageName: node
  linkType: hard

"next@npm:16.3.8":
  version: 16.3.8
  resolution: "next@npm:16.3.8"
  dependencies:
    "@next/env": "npm:16.3.8"
    "@next/swc-darwin-arm64": "npm:16.3.8"
    "@next/swc-darwin-x64": "npm:16.3.8"
    "@next/swc-linux-arm64-gnu": "npm:16.3.8"
    "@next/swc-linux-arm64-musl": "npm:16.3.8"
    "@next/swc-linux-x64-gnu": "npm:16.3.8"
    "@next/swc-linux-x64-musl": "npm:16.3.8"
    "@next/swc-win32-arm64-msvc": "npm:16.3.8"
    "@next/swc-win32-x64-msvc": "npm:16.3.8"
    "@swc/helpers": "npm:0.5.23"
    baseline-browser-mapping: "npm:^2.9.19"
    caniuse-lite: "npm:^1.0.30001579"
    postcss: "npm:8.5.23"
    sharp: "npm:^0.35.4"
    styled-jsx: "npm:5.1.6"
  peerDependencies:
    "@opentelemetry/api": ^1.1.0
    "@playwright/test": ^1.51.1
    babel-plugin-react-compiler: "*"
    react: ^18.2.0 || 19.0.0-rc-de68d2f4-20241204 || ^19.0.0
    react-dom: ^18.2.0 || 19.0.0-rc-de68d2f4-20241204 || ^19.0.0
    sass: ^1.3.0
  dependenciesMeta:
    "@next/swc-darwin-arm64":
      optional: true
    "@next/swc-darwin-x64":
      optional: true
    "@next/swc-linux-arm64-gnu":
      optional: true
    "@next/swc-linux-arm64-musl":
      optional: true
    "@next/swc-linux-x64-gnu":
      optional: true
    "@next/swc-linux-x64-musl":
      optional: true
    "@next/swc-win32-arm64-msvc":
      optional: true
    "@next/swc-win32-x64-msvc":
      optional: true
    sharp:
      optional: true
  peerDependenciesMeta:
    "@opentelemetry/api":
      optional: true
    "@playwright/test":
      optional: true
    babel-plugin-react-compiler:
      optional: true
    sass:
      optional: true
  bin:
    next: dist/bin/next
  checksum: 10c0/6ad814a9351a990fd566225101c21a3e3a6d0d2098e3f04f5535d1bc004deb8b0107c0f5915b67c50301b2c5a1c041ba12fbeb8963e79cd2d87218f2c8368a9b
  languageName: node
  linkType: hard

"node-gyp@npm:latest":
  version: 13.1.0
  resolution: "node-gyp@npm:13.1.0"
  dependencies:
    env-paths: "npm:^2.2.0"
    exponential-backoff: "npm:^3.1.1"
    graceful-fs: "npm:^4.2.6"
    nopt: "npm:^10.0.0"
    proc-log: "npm:^7.0.0"
    semver: "npm:^7.3.5"
    tar: "npm:^7.5.7"
    tinyglobby: "npm:^0.2.12"
    undici: "npm:^8.4.1"
    which: "npm:^7.0.0"
  bin:
    node-gyp: bin/node-gyp.js
  checksum: 10c0/c6693e52e0e111b21f5cd8ff303b41b51f40338adcc79ac5c6a02399eba7039d50dc816dcafcc485870291a641f7cb75db8887a9bdd0de537fe635a3a81cba5b
  languageName: node
  linkType: hard

"nopt@npm:^10.0.0":
  version: 10.0.1
  resolution: "nopt@npm:10.0.1"
  dependencies:
    abbrev: "npm:^5.0.0"
  bin:
    nopt: bin/nopt.js
  checksum: 10c0/980d89257f9587f3e1f77877ddbf905d6aa3b738ec33e49a4fa1a059a0dd82eb28063982b150654a7ae9de386f2ead60e56172db7d37cf56de545f7392a2a26a
  languageName: node
  linkType: hard

"openchronology@workspace:.":
  version: 0.0.0-use.local
  resolution: "openchronology@workspace:."
  dependencies:
    "@tauri-apps/cli": "npm:2.12.1"
    esbuild: "npm:0.25.12"
    next: "npm:16.3.8"
    pg: "npm:8.23.1"
    playwright: "npm:1.58.2"
    rational-ordered-map: "file:vendor/rational-ordered-map-0.1.0.tgz"
    react: "npm:19.2.8"
    react-dom: "npm:19.2.8"
    typescript: "npm:5.9.3"
  languageName: unknown
  linkType: soft

"pg-cloudflare@npm:^1.4.1":
  version: 1.4.1
  resolution: "pg-cloudflare@npm:1.4.1"
  checksum: 10c0/32e62c987073472e81c0dc218f850b1212b4e2c1f35d50433d87d054fe268f549ebaf8fc6c1227ab24c12b318f3e3a2a191ffbdfb2daa30b39aa6802ab8fe2f6
  languageName: node
  linkType: hard

"pg-connection-string@npm:^2.14.1":
  version: 2.14.1
  resolution: "pg-connection-string@npm:2.14.1"
  checksum: 10c0/7321eed97579b4972a714909e7a444beb2186780fe7fd86ea719ff7c8f1fad07d7e5f85722c4992245b23683ed7d2fe2bdda8f7469fed4c016bb5c3379c575ca
  languageName: node
  linkType: hard

"pg-int8@npm:1.0.1":
  version: 1.0.1
  resolution: "pg-int8@npm:1.0.1"
  checksum: 10c0/be6a02d851fc2a4ae3e9de81710d861de3ba35ac927268973eb3cb618873a05b9424656df464dd43bd7dc3fc5295c3f5b3c8349494f87c7af50ec59ef14e0b98
  languageName: node
  linkType: hard

"pg-pool@npm:^3.14.0":
  version: 3.14.0
  resolution: "pg-pool@npm:3.14.0"
  peerDependencies:
    pg: ">=8.0"
  checksum: 10c0/3dd706e67e3b317e29409d9eb3bd44e960eabd86db2a9711a9391bbd43881f8ce7a5f7054a341509558ee05e9bf0a3cc7aef037039da0790ce1e16762ade3ba6
  languageName: node
  linkType: hard

"pg-protocol@npm:^1.16.1":
  version: 1.16.1
  resolution: "pg-protocol@npm:1.16.1"
  checksum: 10c0/84e8bf05c3548c8ffcad29247c075f8f1cf477600c92a7eb0ab27c6c4cbdbe1280433582bfba91f629b1f68bcaf4ae26436a898f430e884d7887543931e8ade6
  languageName: node
  linkType: hard

"pg-types@npm:2.2.0":
  version: 2.2.0
  resolution: "pg-types@npm:2.2.0"
  dependencies:
    pg-int8: "npm:1.0.1"
    postgres-array: "npm:~2.0.0"
    postgres-bytea: "npm:~1.0.0"
    postgres-date: "npm:~1.0.4"
    postgres-interval: "npm:^1.1.0"
  checksum: 10c0/ab3f8069a323f601cd2d2279ca8c425447dab3f9b61d933b0601d7ffc00d6200df25e26a4290b2b0783b59278198f7dd2ed03e94c4875797919605116a577c65
  languageName: node
  linkType: hard

"pg@npm:8.23.1":
  version: 8.23.1
  resolution: "pg@npm:8.23.1"
  dependencies:
    pg-cloudflare: "npm:^1.4.1"
    pg-connection-string: "npm:^2.14.1"
    pg-pool: "npm:^3.14.0"
    pg-protocol: "npm:^1.16.1"
    pg-types: "npm:2.2.0"
    pgpass: "npm:1.0.5"
  peerDependencies:
    pg-native: ">=3.0.1"
  dependenciesMeta:
    pg-cloudflare:
      optional: true
  peerDependenciesMeta:
    pg-native:
      optional: true
  checksum: 10c0/084ce2bcd025705105d4d9a4c4438b178117acbaae5c766e3d3c9fb812cc55d826a212189e19937b8e3b0a8914a3c3e4ba78ad62af73890f37406a676c1f9e0c
  languageName: node
  linkType: hard

"pgpass@npm:1.0.5":
  version: 1.0.5
  resolution: "pgpass@npm:1.0.5"
  dependencies:
    split2: "npm:^4.1.0"
  checksum: 10c0/5ea6c9b2de04c33abb08d33a2dded303c4a3c7162a9264519cbe85c0a9857d712463140ba42fad0c7cd4b21f644dd870b45bb2e02fcbe505b4de0744fd802c1d
  languageName: node
  linkType: hard

"picocolors@npm:^1.1.1":
  version: 1.1.1
  resolution: "picocolors@npm:1.1.1"
  checksum: 10c0/e2e3e8170ab9d7c7421969adaa7e1b31434f789afb9b3f115f6b96d91945041ac3ceb02e9ec6fe6510ff036bcc0bf91e69a1772edc0b707e12b19c0f2d6bcf58
  languageName: node
  linkType: hard

"picomatch@npm:^4.0.4":
  version: 4.0.7
  resolution: "picomatch@npm:4.0.7"
  checksum: 10c0/beb6ae02c43ae44e84883b90830196d9046b1726ead292adcf7f57945e0bb0d992d68563d87e03b484b6f3c9a5c6defda7523477f047d7f0e663f126cc01787f
  languageName: node
  linkType: hard

"playwright-core@npm:1.58.2":
  version: 1.58.2
  resolution: "playwright-core@npm:1.58.2"
  bin:
    playwright-core: cli.js
  checksum: 10c0/5aa15b2b764e6ffe738293a09081a6f7023847a0dbf4cd05fe10eed2e25450d321baf7482f938f2d2eb330291e197fa23e57b29a5b552b89927ceb791266225b
  languageName: node
  linkType: hard

"playwright@npm:1.58.2":
  version: 1.58.2
  resolution: "playwright@npm:1.58.2"
  dependencies:
    fsevents: "npm:2.3.2"
    playwright-core: "npm:1.58.2"
  dependenciesMeta:
    fsevents:
      optional: true
  bin:
    playwright: cli.js
  checksum: 10c0/d060d9b7cc124bd8b5dffebaab5e84f6b34654a553758fe7b19cc598dfbee93f6ecfbdc1832b40a6380ae04eade86ef3285ba03aa0b136799e83402246dc0727
  languageName: node
  linkType: hard

"postcss@npm:8.5.23":
  version: 8.5.23
  resolution: "postcss@npm:8.5.23"
  dependencies:
    nanoid: "npm:^3.3.16"
    picocolors: "npm:^1.1.1"
    source-map-js: "npm:^1.2.1"
  checksum: 10c0/ed714e635b330bb42666ecdd0c0b4f30224ded15b0b0052d6bc2b92832f2cf17d1c1141359453f96f0a84f8fbf4c405a74df187f559163b8f31131b2535455aa
  languageName: node
  linkType: hard

"postgres-array@npm:~2.0.0":
  version: 2.0.0
  resolution: "postgres-array@npm:2.0.0"
  checksum: 10c0/cbd56207e4141d7fbf08c86f2aebf21fa7064943d3f808ec85f442ff94b48d891e7a144cc02665fb2de5dbcb9b8e3183a2ac749959e794b4a4cfd379d7a21d08
  languageName: node
  linkType: hard

"postgres-bytea@npm:~1.0.0":
  version: 1.0.1
  resolution: "postgres-bytea@npm:1.0.1"
  checksum: 10c0/10b28a27c9d703d5befd97c443e62b551096d1014bc59ab574c65bf0688de7f3f068003b2aea8dcff83cf0f6f9a35f9f74457c38856cf8eb81b00cf3fb44f164
  languageName: node
  linkType: hard

"postgres-date@npm:~1.0.4":
  version: 1.0.7
  resolution: "postgres-date@npm:1.0.7"
  checksum: 10c0/0ff91fccc64003e10b767fcfeefb5eaffbc522c93aa65d5051c49b3c4ce6cb93ab091a7d22877a90ad60b8874202c6f1d0f935f38a7235ed3b258efd54b97ca9
  languageName: node
  linkType: hard

"postgres-interval@npm:^1.1.0":
  version: 1.2.0
  resolution: "postgres-interval@npm:1.2.0"
  dependencies:
    xtend: "npm:^4.0.0"
  checksum: 10c0/c1734c3cb79e7f22579af0b268a463b1fa1d084e742a02a7a290c4f041e349456f3bee3b4ee0bb3f226828597f7b76deb615c1b857db9a742c45520100456272
  languageName: node
  linkType: hard

"proc-log@npm:^7.0.0":
  version: 7.0.0
  resolution: "proc-log@npm:7.0.0"
  checksum: 10c0/b89c2d862604f35fec795477b0c7e376feab3ba0d4f4d291c4e959567442697cf451ac557d0623c1cc38af45a78128b983410f397a10c5d3a67f76c33de4754b
  languageName: node
  linkType: hard

"rational-ordered-map@file:vendor/rational-ordered-map-0.1.0.tgz::locator=openchronology%40workspace%3A.":
  version: 0.1.0
  resolution: "rational-ordered-map@file:vendor/rational-ordered-map-0.1.0.tgz#vendor/rational-ordered-map-0.1.0.tgz::hash=69cda1&locator=openchronology%40workspace%3A."
  dependencies:
    fraction.js: "npm:5.3.4"
  checksum: 10c0/308d8edcfb6fee725fe15192feb200455e1c71fb58fcf331187d28b701ddd6b29d53525880b78fbc3aad012a89b0fe4131bfe93be2a71897e55d0491339eced9
  languageName: node
  linkType: hard

"react-dom@npm:19.2.8":
  version: 19.2.8
  resolution: "react-dom@npm:19.2.8"
  dependencies:
    scheduler: "npm:^0.27.0"
  peerDependencies:
    react: ^19.2.8
  checksum: 10c0/41ba2247b76f687fcfe5bbc99f514d6b851d8c8041c2f5ded36ed05bd7fdc5208cacbac9de51e3e6633e77f96f44cec9f0d4a5a55184dba4e00738f224439134
  languageName: node
  linkType: hard

"react@npm:19.2.8":
  version: 19.2.8
  resolution: "react@npm:19.2.8"
  checksum: 10c0/5f86bdb56426652fd6d989d30a6f2e603c057272c47c9ca3a3fbe190a3a39ee9ccce937d63cfc039717abed1b8891d6a499134bc35311acc07eafdacd86537cd
  languageName: node
  linkType: hard

"scheduler@npm:^0.27.0":
  version: 0.27.0
  resolution: "scheduler@npm:0.27.0"
  checksum: 10c0/4f03048cb05a3c8fddc45813052251eca00688f413a3cee236d984a161da28db28ba71bd11e7a3dd02f7af84ab28d39fb311431d3b3772fed557945beb00c452
  languageName: node
  linkType: hard

"semver@npm:^7.3.5, semver@npm:^7.8.5":
  version: 7.8.5
  resolution: "semver@npm:7.8.5"
  bin:
    semver: bin/semver.js
  checksum: 10c0/b1f3127a5be8125a94f37188b361c212466c292c6910adce3ec106cff5dc211ccaedc4739c11bb70fda59d6fc1f040a9bca289f4e093451521a2372e5231fe0c
  languageName: node
  linkType: hard

"sharp@npm:^0.35.4":
  version: 0.35.5
  resolution: "sharp@npm:0.35.5"
  dependencies:
    "@img/colour": "npm:^1.1.0"
    "@img/sharp-darwin-arm64": "npm:0.35.5"
    "@img/sharp-darwin-x64": "npm:0.35.5"
    "@img/sharp-freebsd-wasm32": "npm:0.35.5"
    "@img/sharp-libvips-darwin-arm64": "npm:1.3.4"
    "@img/sharp-libvips-darwin-x64": "npm:1.3.4"
    "@img/sharp-libvips-linux-arm": "npm:1.3.4"
    "@img/sharp-libvips-linux-arm64": "npm:1.3.4"
    "@img/sharp-libvips-linux-ppc64": "npm:1.3.4"
    "@img/sharp-libvips-linux-riscv64": "npm:1.3.4"
    "@img/sharp-libvips-linux-s390x": "npm:1.3.4"
    "@img/sharp-libvips-linux-x64": "npm:1.3.4"
    "@img/sharp-libvips-linuxmusl-arm64": "npm:1.3.4"
    "@img/sharp-libvips-linuxmusl-x64": "npm:1.3.4"
    "@img/sharp-linux-arm": "npm:0.35.5"
    "@img/sharp-linux-arm64": "npm:0.35.5"
    "@img/sharp-linux-ppc64": "npm:0.35.5"
    "@img/sharp-linux-riscv64": "npm:0.35.5"
    "@img/sharp-linux-s390x": "npm:0.35.5"
    "@img/sharp-linux-x64": "npm:0.35.5"
    "@img/sharp-linuxmusl-arm64": "npm:0.35.5"
    "@img/sharp-linuxmusl-x64": "npm:0.35.5"
    "@img/sharp-webcontainers-wasm32": "npm:0.35.5"
    "@img/sharp-win32-arm64": "npm:0.35.5"
    "@img/sharp-win32-ia32": "npm:0.35.5"
    "@img/sharp-win32-x64": "npm:0.35.5"
    detect-libc: "npm:^2.1.2"
    semver: "npm:^7.8.5"
  dependenciesMeta:
    "@img/sharp-darwin-arm64":
      optional: true
    "@img/sharp-darwin-x64":
      optional: true
    "@img/sharp-freebsd-wasm32":
      optional: true
    "@img/sharp-libvips-darwin-arm64":
      optional: true
    "@img/sharp-libvips-darwin-x64":
      optional: true
    "@img/sharp-libvips-linux-arm":
      optional: true
    "@img/sharp-libvips-linux-arm64":
      optional: true
    "@img/sharp-libvips-linux-ppc64":
      optional: true
    "@img/sharp-libvips-linux-riscv64":
      optional: true
    "@img/sharp-libvips-linux-s390x":
      optional: true
    "@img/sharp-libvips-linux-x64":
      optional: true
    "@img/sharp-libvips-linuxmusl-arm64":
      optional: true
    "@img/sharp-libvips-linuxmusl-x64":
      optional: true
    "@img/sharp-linux-arm":
      optional: true
    "@img/sharp-linux-arm64":
      optional: true
    "@img/sharp-linux-ppc64":
      optional: true
    "@img/sharp-linux-riscv64":
      optional: true
    "@img/sharp-linux-s390x":
      optional: true
    "@img/sharp-linux-x64":
      optional: true
    "@img/sharp-linuxmusl-arm64":
      optional: true
    "@img/sharp-linuxmusl-x64":
      optional: true
    "@img/sharp-webcontainers-wasm32":
      optional: true
    "@img/sharp-win32-arm64":
      optional: true
    "@img/sharp-win32-ia32":
      optional: true
    "@img/sharp-win32-x64":
      optional: true
  peerDependenciesMeta:
    "@types/node":
      optional: true
  checksum: 10c0/73d61270979fdb89a14d523c071662f1f557814dac62faa5491ca975e0e2b0007665456941b90356a9a511b2fba8920d9088aa7f91b4786554e12852f94a82b0
  languageName: node
  linkType: hard

"source-map-js@npm:^1.2.1":
  version: 1.2.1
  resolution: "source-map-js@npm:1.2.1"
  checksum: 10c0/7bda1fc4c197e3c6ff17de1b8b2c20e60af81b63a52cb32ec5a5d67a20a7d42651e2cb34ebe93833c5a2a084377e17455854fee3e21e7925c64a51b6a52b0faf
  languageName: node
  linkType: hard

"split2@npm:^4.1.0":
  version: 4.2.0
  resolution: "split2@npm:4.2.0"
  checksum: 10c0/b292beb8ce9215f8c642bb68be6249c5a4c7f332fc8ecadae7be5cbdf1ea95addc95f0459ef2e7ad9d45fd1064698a097e4eb211c83e772b49bc0ee423e91534
  languageName: node
  linkType: hard

"styled-jsx@npm:5.1.6":
  version: 5.1.6
  resolution: "styled-jsx@npm:5.1.6"
  dependencies:
    client-only: "npm:0.0.1"
  peerDependencies:
    react: ">= 16.8.0 || 17.x.x || ^18.0.0-0 || ^19.0.0-0"
  peerDependenciesMeta:
    "@babel/core":
      optional: true
    babel-plugin-macros:
      optional: true
  checksum: 10c0/ace50e7ea5ae5ae6a3b65a50994c51fca6ae7df9c7ecfd0104c36be0b4b3a9c5c1a2374d16e2a11e256d0b20be6d47256d768ecb4f91ab390f60752a075780f5
  languageName: node
  linkType: hard

"tar@npm:^7.5.7":
  version: 7.5.16
  resolution: "tar@npm:7.5.16"
  dependencies:
    "@isaacs/fs-minipass": "npm:^4.0.0"
    chownr: "npm:^3.0.0"
    minipass: "npm:^7.1.2"
    minizlib: "npm:^3.1.0"
    yallist: "npm:^5.0.0"
  checksum: 10c0/4f37f3c4bd2ca2755fd736a5df1d573c1a868ec1b1e893346aeafa95ac510f9e2fd1469420bd866cc7904799e5bd4ac62b5d4f03fe27747d6e1e373b44505c5c
  languageName: node
  linkType: hard

"tinyglobby@npm:^0.2.12":
  version: 0.2.17
  resolution: "tinyglobby@npm:0.2.17"
  dependencies:
    fdir: "npm:^6.5.0"
    picomatch: "npm:^4.0.4"
  checksum: 10c0/7f7bb0f197c88bc4b20c231e0deca4240ca3bf313a88f5a7fee93a872b84966a4d50220947c0455ad07a60b3b360961c5b7fd979222aeb716a9f99b412002e4c
  languageName: node
  linkType: hard

"tslib@npm:^2.4.0, tslib@npm:^2.8.0":
  version: 2.8.1
  resolution: "tslib@npm:2.8.1"
  checksum: 10c0/9c4759110a19c53f992d9aae23aac5ced636e99887b51b9e61def52611732872ff7668757d4e4c61f19691e36f4da981cd9485e869b4a7408d689f6bf1f14e62
  languageName: node
  linkType: hard

"typescript@npm:5.9.3":
  version: 5.9.3
  resolution: "typescript@npm:5.9.3"
  bin:
    tsc: bin/tsc
    tsserver: bin/tsserver
  checksum: 10c0/6bd7552ce39f97e711db5aa048f6f9995b53f1c52f7d8667c1abdc1700c68a76a308f579cd309ce6b53646deb4e9a1be7c813a93baaf0a28ccd536a30270e1c5
  languageName: node
  linkType: hard

"typescript@patch:typescript@npm%3A5.9.3#optional!builtin<compat/typescript>":
  version: 5.9.3
  resolution: "typescript@patch:typescript@npm%3A5.9.3#optional!builtin<compat/typescript>::version=5.9.3&hash=5786d5"
  bin:
    tsc: bin/tsc
    tsserver: bin/tsserver
  checksum: 10c0/ad09fdf7a756814dce65bc60c1657b40d44451346858eea230e10f2e95a289d9183b6e32e5c11e95acc0ccc214b4f36289dcad4bf1886b0adb84d711d336a430
  languageName: node
  linkType: hard

"undici@npm:^8.4.1":
  version: 8.5.0
  resolution: "undici@npm:8.5.0"
  checksum: 10c0/7c25fd96a4dcc607b905995f6feec948f74a6759cadbea4c6eb9402517aab4887987c8001c80d482297d04f975f44a383325b89577ac21e587983ed088408065
  languageName: node
  linkType: hard

"which@npm:^7.0.0":
  version: 7.0.0
  resolution: "which@npm:7.0.0"
  dependencies:
    isexe: "npm:^4.0.0"
  bin:
    node-which: bin/which.js
  checksum: 10c0/ca0b54f198f78bbc4b7c02e34bda8d335cb352e0adb4cbca1c37b1a957af3a879a82c4c27ca6525bc942f548d8b64f816ef6528360af9f3de55ffb9b979b620d
  languageName: node
  linkType: hard

"xtend@npm:^4.0.0":
  version: 4.0.2
  resolution: "xtend@npm:4.0.2"
  checksum: 10c0/366ae4783eec6100f8a02dff02ac907bf29f9a00b82ac0264b4d8b832ead18306797e283cf19de776538babfdcb2101375ec5646b59f08c52128ac4ab812ed0e
  languageName: node
  linkType: hard

"yallist@npm:^5.0.0":
  version: 5.0.0
  resolution: "yallist@npm:5.0.0"
  checksum: 10c0/a499c81ce6d4a1d260d4ea0f6d49ab4da09681e32c3f0472dee16667ed69d01dae63a3b81745a24bd78476ec4fcf856114cb4896ace738e01da34b2c42235416
  languageName: node
  linkType: hard
